// !$*UTF8*$!
{
	archiveVersion = 1;
	classes = {
	};
	objectVersion = 55;
	objects = {

/* Begin PBXBuildFile section */
		52068D2228A5BBCA0053C0CA /* AppDelegate.swift in Sources */ = {isa = PBXBuildFile; fileRef = 52068D2128A5BBCA0053C0CA /* AppDelegate.swift */; };
		52068D2428A5BBCA0053C0CA /* SceneDelegate.swift in Sources */ = {isa = PBXBuildFile; fileRef = 52068D2328A5BBCA0053C0CA /* SceneDelegate.swift */; };
		52068D2628A5BBCA0053C0CA /* ViewController.swift in Sources */ = {isa = PBXBuildFile; fileRef = 52068D2528A5BBCA0053C0CA /* ViewController.swift */; };
		52068D2928A5BBCA0053C0CA /* Main.storyboard in Resources */ = {isa = PBXBuildFile; fileRef = 52068D2728A5BBCA0053C0CA /* Main.storyboard */; };
		52068D2B28A5BBCC0053C0CA /* Assets.xcassets in Resources */ = {isa = PBXBuildFile; fileRef = 52068D2A28A5BBCC0053C0CA /* Assets.xcassets */; };
		52068D2E28A5BBCC0053C0CA /* LaunchScreen.storyboard in Resources */ = {isa = PBXBuildFile; fileRef = 52068D2C28A5BBCC0053C0CA /* LaunchScreen.storyboard */; };
		52068D3628A5BF3A0053C0CA /* MovieViewController.swift in Sources */ = {isa = PBXBuildFile; fileRef = 52068D3528A5BF3A0053C0CA /* MovieViewController.swift */; };
		52B4197C28A66F5C005CD6DE /* Movie.swift in Sources */ = {isa = PBXBuildFile; fileRef = 52B4197B28A66F5C005CD6DE /* Movie.swift */; };
/* End PBXBuildFile section */

/* Begin PBXFileReference section */
		52068D1E28A5BBCA0053C0CA /* MovieWatchLater.app */ = {isa = PBXFileReference; explicitFileType = wrapper.application; includeInIndex = 0; path = MovieWatchLater.app; sourceTree = BUILT_PRODUCTS_DIR; };
		52068D2128A5BBCA0053C0CA /* AppDelegate.swift */ = {isa = PBXFileReference; lastKnownFileType = sourcecode.swift; path = AppDelegate.swift; sourceTree = "<group>"; };
		52068D2328A5BBCA0053C0CA /* SceneDelegate.swift */ = {isa = PBXFileReference; lastKnownFileType = sourcecode.swift; path = SceneDelegate.swift; sourceTree = "<group>"; };
		52068D2528A5BBCA0053C0CA /* ViewController.swift */ = {isa = PBXFileReference; lastKnownFileType = sourcecode.swift; path = ViewController.swift; sourceTree = "<group>"; };
		52068D2828A5BBCA0053C0CA /* Base */ = {isa = PBXFileReference; lastKnownFileType = file.storyboard; name = Base; path = Base.lproj/Main.storyboard; sourceTree = "<group>"; };
		52068D2A28A5BBCC0053C0CA /* Assets.xcassets */ = {isa = PBXFileReference; lastKnownFileType = folder.assetcatalog; path = Assets.xcassets; sourceTree = "<group>"; };
		52068D2D28A5BBCC0053C0CA /* Base */ = {isa = PBXFileReference; lastKnownFileType = file.storyboard; name = Base; path = Base.lproj/LaunchScreen.storyboard; sourceTree = "<group>"; };
		52068D2F28A5BBCC0053C0CA /* Info.plist */ = {isa = PBXFileReference; lastKnownFileType = text.plist.xml; path = Info.plist; sourceTree = "<group>"; };
		52068D3528A5BF3A0053C0CA /* MovieViewController.swift */ = {isa = PBXFileReference; lastKnownFileType = sourcecode.swift; path = MovieViewController.swift; sourceTree = "<group>"; };
		52B4197B28A66F5C005CD6DE /* Movie.swift */ = {isa = PBXFileReference; lastKnownFileType = sourcecode.swift; path = Movie.swift; sourceTree = "<group>"; };
/* End PBXFileReference section */

/* Begin PBXFrameworksBuildPhase section */
		52068D1B28A5BBCA0053C0CA /* Frameworks */ = {
			isa = PBXFrameworksBuildPhase;
			buildActionMask = 2147483647;
			files = (
			);
			runOnlyForDeploymentPostprocessing = 0;
		};
/* End PBXFrameworksBuildPhase section */

/* Begin PBXGroup section */
		52068D1528A5BBCA0053C0CA = {
			isa = PBXGroup;
			children = (
				52068D2028A5BBCA0053C0CA /* MovieWatchLater */,
				52068D1F28A5BBCA0053C0CA /* Products */,
			);
			sourceTree = "<group>";
		};
		52068D1F28A5BBCA0053C0CA /* Products */ = {
			isa = PBXGroup;
			children = (
				52068D1E28A5BBCA0053C0CA /* MovieWatchLater.app */,
			);
			name = Products;
			sourceTree = "<group>";
		};
		52068D2028A5BBCA0053C0CA /* MovieWatchLater */ = {
			isa = PBXGroup;
			children = (
				52068D2128A5BBCA0053C0CA /* AppDelegate.swift */,
				52068D2328A5BBCA0053C0CA /* SceneDelegate.swift */,
				52068D2528A5BBCA0053C0CA /* ViewController.swift */,
				52068D3528A5BF3A0053C0CA /* MovieViewController.swift */,
				52B4197B28A66F5C005CD6DE /* Movie.swift */,
				52068D2728A5BBCA0053C0CA /* Main.storyboard */,
				52068D2A28A5BBCC0053C0CA /* Assets.xcassets */,
				52068D2C28A5BBCC0053C0CA /* LaunchScreen.storyboard */,
				52068D2F28A5BBCC0053C0CA /* Info.plist */,
			);
			path = MovieWatchLater;
			sourceTree = "<group>";
		};
/* End PBXGroup section */

/* Begin PBXNativeTarget section */
		52068D1D28A5BBCA0053C0CA /* MovieWatchLater */ = {
			isa = PBXNativeTarget;
			buildConfigurationList = 52068D3228A5BBCC0053C0CA /* Build configuration list for PBXNativeTarget "MovieWatchLater" */;
			buildPhases = (
				52068D1A28A5BBCA0053C0CA /* Sources */,
				52068D1B28A5BBCA0053C0CA /* Frameworks */,
				52068D1C28A5BBCA0053C0CA /* Resources */,
			);
			buildRules = (
			);
			dependencies = (
			);
			name = MovieWatchLater;
			productName = MovieWatchLater;
			productReference = 52068D1E28A5BBCA0053C0CA /* MovieWatchLater.app */;
			productType = "com.apple.product-type.application";
		};
/* End PBXNativeTarget section */

/* Begin PBXProject section */
		52068D1628A5BBCA0053C0CA /* Project object */ = {
			isa = PBXProject;
			attributes = {
				BuildIndependentTargetsInParallel = 1;
				LastSwiftUpdateCheck = 1340;
				LastUpgradeCheck = 1340;
				TargetAttributes = {
					52068D1D28A5BBCA0053C0CA = {
						CreatedOnToolsVersion = 13.4.1;
					};
				};
			};
			buildConfigurationList = 52068D1928A5BBCA0053C0CA /* Build configuration list for PBXProject "MovieWatchLater" */;
			compatibilityVersion = "Xcode 13.0";
			developmentRegion = en;
			hasScannedForEncodings = 0;
			knownRegions = (
				en,
				Base,
			);
			mainGroup = 52068D1528A5BBCA0053C0CA;
			productRefGroup = 52068D1F28A5BBCA0053C0CA /* Products */;
			projectDirPath = "";
			projectRoot = "";
			targets = (
				52068D1D28A5BBCA0053C0CA /* MovieWatchLater */,
			);
		};
/* End PBXProject section */

/* Begin PBXResourcesBuildPhase section */
		52068D1C28A5BBCA0053C0CA /* Resources */ = {
			isa = PBXResourcesBuildPhase;
			buildActionMask = 2147483647;
			files = (
				52068D2E28A5BBCC0053C0CA /* LaunchScreen.storyboard in Resources */,
				52068D2B28A5BBCC0053C0CA /* Assets.xcassets in Resources */,
				52068D2928A5BBCA0053C0CA /* Main.storyboard in Resources */,
			);
			runOnlyForDeploymentPostprocessing = 0;
		};
/* End PBXResourcesBuildPhase section */

/* Begin PBXSourcesBuildPhase section */
		52068D1A28A5BBCA0053C0CA /* Sources */ = {
			isa = PBXSourcesBuildPhase;
			buildActionMask = 2147483647;
			files = (
				52068D2628A5BBCA0053C0CA /* ViewController.swift in Sources */,
				52068D2228A5BBCA0053C0CA /* AppDelegate.swift in Sources */,
				52068D2428A5BBCA0053C0CA /* SceneDelegate.swift in Sources */,
				52068D3628A5BF3A0053C0CA /* MovieViewController.swift in Sources */,
				52B4197C28A66F5C005CD6DE /* Movie.swift in Sources */,
			);
			runOnlyForDeploymentPostprocessing = 0;
		};
/* End PBXSourcesBuildPhase section */

/* Begin PBXVariantGroup section */
		52068D2728A5BBCA0053C0CA /* Main.storyboard */ = {
			isa = PBXVariantGroup;
			children = (
				52068D2828A5BBCA0053C0CA /* Base */,
			);
			name = Main.storyboard;
			sourceTree = "<group>";
		};
		52068D2C28A5BBCC0053C0CA /* LaunchScreen.storyboard */ = {
			isa = PBXVariantGroup;
			children = (
				52068D2D28A5BBCC0053C0CA /* Base */,
			);
			name = LaunchScreen.storyboard;
			sourceTree = "<group>";
		};
/* End PBXVariantGroup section */

/* Begin XCBuildConfiguration section */
		52068D3028A5BBCC0053C0CA /* Debug */ = {
			isa = XCBuildConfiguration;
			buildSettings = {
				ALWAYS_SEARCH_USER_PATHS = NO;
				CLANG_ANALYZER_NONNULL = YES;
				CLANG_ANALYZER_NUMBER_OBJECT_CONVERSION = YES_AGGRESSIVE;
				CLANG_CXX_LANGUAGE_STANDARD = "gnu++17";
				CLANG_ENABLE_MODULES = YES;
				CLANG_ENABLE_OBJC_ARC = YES;
				CLANG_ENABLE_OBJC_WEAK = YES;
				CLANG_WARN_BLOCK_CAPTURE_AUTORELEASING = YES;
				CLANG_WARN_BOOL_CONVERSION = YES;
				CLANG_WARN_COMMA = YES;
				CLANG_WARN_CONSTANT_CONVERSION = YES;
				CLANG_WARN_DEPRECATED_OBJC_IMPLEMENTATIONS = YES;
				CLANG_WARN_DIRECT_OBJC_ISA_USAGE = YES_ERROR;
				CLANG_WARN_DOCUMENTATION_COMMENTS = YES;
				CLANG_WARN_EMPTY_BODY = YES;
				CLANG_WARN_ENUM_CONVERSION = YES;
				CLANG_WARN_INFINITE_RECURSION = YES;
				CLANG_WARN_INT_CONVERSION = YES;
				CLANG_WARN_NON_LITERAL_NULL_CONVERSION = YES;
				CLANG_WARN_OBJC_IMPLICIT_RETAIN_SELF = YES;
				CLANG_WARN_OBJC_LITERAL_CONVERSION = YES;
				CLANG_WARN_OBJC_ROOT_CLASS = YES_ERROR;
				CLANG_WARN_QUOTED_INCLUDE_IN_FRAMEWORK_HEADER = YES;
				CLANG_WARN_RANGE_LOOP_ANALYSIS = YES;
				CLANG_WARN_STRICT_PROTOTYPES = YES;
				CLANG_WARN_SUSPICIOUS_MOVE = YES;
				CLANG_WARN_UNGUARDED_AVAILABILITY = YES_AGGRESSIVE;
				CLANG_WARN_UNREACHABLE_CODE = YES;
				CLANG_WARN__DUPLICATE_METHOD_MATCH = YES;
				COPY_PHASE_STRIP = NO;
				DEBUG_INFORMATION_FORMAT = dwarf;
				ENABLE_STRICT_OBJC_MSGSEND = YES;
				ENABLE_TESTABILITY = YES;
				GCC_C_LANGUAGE_STANDARD = gnu11;
				GCC_DYNAMIC_NO_PIC = NO;
				GCC_NO_COMMON_BLOCKS = YES;
				GCC_OPTIMIZATION_LEVEL = 0;
				GCC_PREPROCESSOR_DEFINITIONS = (
					"DEBUG=1",
					"$(inherited)",
				);
				GCC_WARN_64_TO_32_BIT_CONVERSION = YES;
				GCC_WARN_ABOUT_RETURN_TYPE = YES_ERROR;
				GCC_WARN_UNDECLARED_SELECTOR = YES;
				GCC_WARN_UNINITIALIZED_AUTOS = YES_AGGRESSIVE;
				GCC_WARN_UNUSED_FUNCTION = YES;
				GCC_WARN_UNUSED_VARIABLE = YES;
				IPHONEOS_DEPLOYMENT_TARGET = 15.5;
				MTL_ENABLE_DEBUG_INFO = INCLUDE_SOURCE;
				MTL_FAST_MATH = YES;
				ONLY_ACTIVE_ARCH = YES;
				SDKROOT = iphoneos;
				SWIFT_ACTIVE_COMPILATION_CONDITIONS = DEBUG;
				SWIFT_OPTIMIZATION_LEVEL = "-Onone";
			};
			name = Debug;
		};
		52068D3128A5BBCC0053C0CA /* Release */ = {
			isa = XCBuildConfiguration;
			buildSettings = {
				ALWAYS_SEARCH_USER_PATHS = NO;
				CLANG_ANALYZER_NONNULL = YES;
				CLANG_ANALYZER_NUMBER_OBJECT_CONVERSION = YES_AGGRESSIVE;
				CLANG_CXX_LANGUAGE_STANDARD = "gnu++17";
				CLANG_ENABLE_MODULES = YES;
				CLANG_ENABLE_OBJC_ARC = YES;
				CLANG_ENABLE_OBJC_WEAK = YES;
				CLANG_WARN_BLOCK_CAPTURE_AUTORELEASING = YES;
				CLANG_WARN_BOOL_CONVERSION = YES;
				CLANG_WARN_COMMA = YES;
				CLANG_WARN_CONSTANT_CONVERSION = YES;
				CLANG_WARN_DEPRECATED_OBJC_IMPLEMENTATIONS = YES;
				CLANG_WARN_DIRECT_OBJC_ISA_USAGE = YES_ERROR;
				CLANG_WARN_DOCUMENTATION_COMMENTS = YES;
				CLANG_WARN_EMPTY_BODY = YES;
				CLANG_WARN_ENUM_CONVERSION = YES;
				CLANG_WARN_INFINITE_RECURSION = YES;
				CLANG_WARN_INT_CONVERSION = YES;
				CLANG_WARN_NON_LITERAL_NULL_CONVERSION = YES;
				CLANG_WARN_OBJC_IMPLICIT_RETAIN_SELF = YES;
				CLANG_WARN_OBJC_LITERAL_CONVERSION = YES;
				CLANG_WARN_OBJC_ROOT_CLASS = YES_ERROR;
				CLANG_WARN_QUOTED_INCLUDE_IN_FRAMEWORK_HEADER = YES;
				CLANG_WARN_RANGE_LOOP_ANALYSIS = YES;
				CLANG_WARN_STRICT_PROTOTYPES = YES;
				CLANG_WARN_SUSPICIOUS_MOVE = YES;
				CLANG_WARN_UNGUARDED_AVAILABILITY = YES_AGGRESSIVE;
				CLANG_WARN_UNREACHABLE_CODE = YES;
				CLANG_WARN__DUPLICATE_METHOD_MATCH = YES;
				COPY_PHASE_STRIP = NO;
				DEBUG_INFORMATION_FORMAT = "dwarf-with-dsym";
				ENABLE_NS_ASSERTIONS = NO;
				ENABLE_STRICT_OBJC_MSGSEND = YES;
				GCC_C_LANGUAGE_STANDARD = gnu11;
				GCC_NO_COMMON_BLOCKS = YES;
				GCC_WARN_64_TO_32_BIT_CONVERSION = YES;
				GCC_WARN_ABOUT_RETURN_TYPE = YES_ERROR;
				GCC_WARN_UNDECLARED_SELECTOR = YES;
				GCC_WARN_UNINITIALIZED_AUTOS = YES_AGGRESSIVE;
				GCC_WARN_UNUSED_FUNCTION = YES;
				GCC_WARN_UNUSED_VARIABLE = YES;
				IPHONEOS_DEPLOYMENT_TARGET = 15.5;
				MTL_ENABLE_DEBUG_INFO = NO;
				MTL_FAST_MATH = YES;
				SDKROOT = iphoneos;
				SWIFT_COMPILATION_MODE = wholemodule;
				SWIFT_OPTIMIZATION_LEVEL = "-O";
				VALIDATE_PRODUCT = YES;
			};
			name = Release;
		};
		52068D3328A5BBCC0053C0CA /* Debug */ = {
			isa = XCBuildConfiguration;
			buildSettings = {
				ASSETCATALOG_COMPILER_APPICON_NAME = AppIcon;
				ASSETCATALOG_COMPILER_GLOBAL_ACCENT_COLOR_NAME = AccentColor;
				CODE_SIGN_STYLE = Automatic;
				CURRENT_PROJECT_VERSION = 1;
				DEVELOPMENT_TEAM = MSQCXVM7HL;
				GENERATE_INFOPLIST_FILE = YES;
				INFOPLIST_FILE = MovieWatchLater/Info.plist;
				INFOPLIST_KEY_UIApplicationSupportsIndirectInputEvents = YES;
				INFOPLIST_KEY_UILaunchStoryboardName = LaunchScreen;
				INFOPLIST_KEY_UIMainStoryboardFile = Main;
				INFOPLIST_KEY_UISupportedInterfaceOrientations_iPad = "UIInterfaceOrientationPortrait UIInterfaceOrientationPortraitUpsideDown UIInterfaceOrientationLandscapeLeft UIInterfaceOrientationLandscapeRight";
				INFOPLIST_KEY_UISupportedInterfaceOrientations_iPhone = "UIInterfaceOrientationPortrait UIInterfaceOrientationLandscapeLeft UIInterfaceOrientationLandscapeRight";
				LD_RUNPATH_SEARCH_PATHS = (
					"$(inherited)",
					"@executable_path/Frameworks",
				);
				MARKETING_VERSION = 1.0;
				PRODUCT_BUNDLE_IDENTIFIER = com.ilkertacyildiz.MovieWatchLater;
				PRODUCT_NAME = "$(TARGET_NAME)";
				SWIFT_EMIT_LOC_STRINGS = YES;
				SWIFT_VERSION = 5.0;
				TARGETED_DEVICE_FAMILY = "1,2";
			};
			name = Debug;
		};
		52068D3428A5BBCC0053C0CA /* Release */ = {
			isa = XCBuildConfiguration;
			buildSettings = {
				ASSETCATALOG_COMPILER_APPICON_NAME = AppIcon;
				ASSETCATALOG_COMPILER_GLOBAL_ACCENT_COLOR_NAME = AccentColor;
				CODE_SIGN_STYLE = Automatic;
				CURRENT_PROJECT_VERSION = 1;
				DEVELOPMENT_TEAM = MSQCXVM7HL;
				GENERATE_INFOPLIST_FILE = YES;
				INFOPLIST_FILE = MovieWatchLater/Info.plist;
				INFOPLIST_KEY_UIApplicationSupportsIndirectInputEvents = YES;
				INFOPLIST_KEY_UILaunchStoryboardName = LaunchScreen;
				INFOPLIST_KEY_UIMainStoryboardFile = Main;
				INFOPLIST_KEY_UISupportedInterfaceOrientations_iPad = "UIInterfaceOrientationPortrait UIInterfaceOrientationPortraitUpsideDown UIInterfaceOrientationLandscapeLeft UIInterfaceOrientationLandscapeRight";
				INFOPLIST_KEY_UISupportedInterfaceOrientations_iPhone = "UIInterfaceOrientationPortrait UIInterfaceOrientationLandscapeLeft UIInterfaceOrientationLandscapeRight";
				LD_RUNPATH_SEARCH_PATHS = (
					"$(inherited)",
					"@executable_path/Frameworks",
				);
				MARKETING_VERSION = 1.0;
				PRODUCT_BUNDLE_IDENTIFIER = com.ilkertacyildiz.MovieWatchLater;
				PRODUCT_NAME = "$(TARGET_NAME)";
				SWIFT_EMIT_LOC_STRINGS = YES;
				SWIFT_VERSION = 5.0;
				TARGETED_DEVICE_FAMILY = "1,2";
			};
			name = Release;
		};
/* End XCBuildConfiguration section */

/* Begin XCConfigurationList section */
		52068D1928A5BBCA0053C0CA /* Build configuration list for PBXProject "MovieWatchLater" */ = {
			isa = XCConfigurationList;
			buildConfigurations = (
				52068D3028A5BBCC0053C0CA /* Debug */,
				52068D3128A5BBCC0053C0CA /* Release */,
			);
			defaultConfigurationIsVisible = 0;
			defaultConfigurationName = Release;
		};
		52068D3228A5BBCC0053C0CA /* Build configuration list for PBXNativeTarget "MovieWatchLater" */ = {
			isa = XCConfigurationList;
			buildConfigurations = (
				52068D3328A5BBCC0053C0CA /* Debug */,
				52068D3428A5BBCC0053C0CA /* Release */,
			);
			defaultConfigurationIsVisible = 0;
			defaultConfigurationName = Release;
		};
/* End XCConfigurationList section */
	};
	rootObject = 52068D1628A5BBCA0053C0CA /* Project object */;
}
